// !$*UTF8*$!
{
	archiveVersion = 1;
	classes = {
	};
	objectVersion = 51;
	objects = {

/* Begin PBXBuildFile section */
		184974A1E4BDBFF8A7518613 /* Pods_MINEstagram.framework in Frameworks */ = {isa = PBXBuildFile; fileRef = 1FF8F6BFCB0E28EEC2BB86C6 /* Pods_MINEstagram.framework */; };
		DDFEB38922EDE13500DE025C /* AppDelegate.swift in Sources */ = {isa = PBXBuildFile; fileRef = DDFEB38822EDE13500DE025C /* AppDelegate.swift */; };
		DDFEB38B22EDE13500DE025C /* ViewController.swift in Sources */ = {isa = PBXBuildFile; fileRef = DDFEB38A22EDE13500DE025C /* ViewController.swift */; };
		DDFEB38E22EDE13500DE025C /* Main.storyboard in Resources */ = {isa = PBXBuildFile; fileRef = DDFEB38C22EDE13500DE025C /* Main.storyboard */; };
		DDFEB39022EDE13700DE025C /* Assets.xcassets in Resources */ = {isa = PBXBuildFile; fileRef = DDFEB38F22EDE13700DE025C /* Assets.xcassets */; };
		DDFEB39322EDE13700DE025C /* LaunchScreen.storyboard in Resources */ = {isa = PBXBuildFile; fileRef = DDFEB39122EDE13700DE025C /* LaunchScreen.storyboard */; };
		DDFEB39B22EDE1CB00DE025C /* MakeViewController.swift in Sources */ = {isa = PBXBuildFile; fileRef = DDFEB39A22EDE1CB00DE025C /* MakeViewController.swift */; };
		DDFEB39D22EDE1E000DE025C /* ShowViewController.swift in Sources */ = {isa = PBXBuildFile; fileRef = DDFEB39C22EDE1E000DE025C /* ShowViewController.swift */; };
		DDFEB42222F139DF00DE025C /* File.swift in Sources */ = {isa = PBXBuildFile; fileRef = DDFEB42122F139DF00DE025C /* File.swift */; };
		DDFEB42422F26E5A00DE025C /* StartViewController.swift in Sources */ = {isa = PBXBuildFile; fileRef = DDFEB42322F26E5A00DE025C /* StartViewController.swift */; };
/* End PBXBuildFile section */

/* Begin PBXFileReference section */
		011E7DFD9E4A5A28F05D49A1 /* Pods-MINEstagram.release.xcconfig */ = {isa = PBXFileReference; includeInIndex = 1; lastKnownFileType = text.xcconfig; name = "Pods-MINEstagram.release.xcconfig"; path = "Target Support Files/Pods-MINEstagram/Pods-MINEstagram.release.xcconfig"; sourceTree = "<group>"; };
		17DEBF4193B1936719FFEF08 /* Pods-MINEstagram.debug.xcconfig */ = {isa = PBXFileReference; includeInIndex = 1; lastKnownFileType = text.xcconfig; name = "Pods-MINEstagram.debug.xcconfig"; path = "Target Support Files/Pods-MINEstagram/Pods-MINEstagram.debug.xcconfig"; sourceTree = "<group>"; };
		1FF8F6BFCB0E28EEC2BB86C6 /* Pods_MINEstagram.framework */ = {isa = PBXFileReference; explicitFileType = wrapper.framework; includeInIndex = 0; path = Pods_MINEstagram.framework; sourceTree = BUILT_PRODUCTS_DIR; };
		DDFEB38522EDE13500DE025C /* MINEstagram.app */ = {isa = PBXFileReference; explicitFileType = wrapper.application; includeInIndex = 0; path = MINEstagram.app; sourceTree = BUILT_PRODUCTS_DIR; };
		DDFEB38822EDE13500DE025C /* AppDelegate.swift */ = {isa = PBXFileReference; lastKnownFileType = sourcecode.swift; path = AppDelegate.swift; sourceTree = "<group>"; };
		DDFEB38A22EDE13500DE025C /* ViewController.swift */ = {isa = PBXFileReference; lastKnownFileType = sourcecode.swift; path = ViewController.swift; sourceTree = "<group>"; };
		DDFEB38D22EDE13500DE025C /* Base */ = {isa = PBXFileReference; lastKnownFileType = file.storyboard; name = Base; path = Base.lproj/Main.storyboard; sourceTree = "<group>"; };
		DDFEB38F22EDE13700DE025C /* Assets.xcassets */ = {isa = PBXFileReference; lastKnownFileType = folder.assetcatalog; path = Assets.xcassets; sourceTree = "<group>"; };
		DDFEB39222EDE13700DE025C /* Base */ = {isa = PBXFileReference; lastKnownFileType = file.storyboard; name = Base; path = Base.lproj/LaunchScreen.storyboard; sourceTree = "<group>"; };
		DDFEB39422EDE13700DE025C /* Info.plist */ = {isa = PBXFileReference; lastKnownFileType = text.plist.xml; path = Info.plist; sourceTree = "<group>"; };
		DDFEB39A22EDE1CB00DE025C /* MakeViewController.swift */ = {isa = PBXFileReference; lastKnownFileType = sourcecode.swift; path = MakeViewController.swift; sourceTree = "<group>"; };
		DDFEB39C22EDE1E000DE025C /* ShowViewController.swift */ = {isa = PBXFileReference; lastKnownFileType = sourcecode.swift; path = ShowViewController.swift; sourceTree = "<group>"; };
		DDFEB42122F139DF00DE025C /* File.swift */ = {isa = PBXFileReference; lastKnownFileType = sourcecode.swift; path = File.swift; sourceTree = "<group>"; };
		DDFEB42322F26E5A00DE025C /* StartViewController.swift */ = {isa = PBXFileReference; lastKnownFileType = sourcecode.swift; path = StartViewController.swift; sourceTree = "<group>"; };
/* End PBXFileReference section */

/* Begin PBXFrameworksBuildPhase section */
		DDFEB38222EDE13500DE025C /* Frameworks */ = {
			isa = PBXFrameworksBuildPhase;
			buildActionMask = 2147483647;
			files = (
				184974A1E4BDBFF8A7518613 /* Pods_MINEstagram.framework in Frameworks */,
			);
			runOnlyForDeploymentPostprocessing = 0;
		};
/* End PBXFrameworksBuildPhase section */

/* Begin PBXGroup section */
		12BC735D5EBDC772FF81787F /* Frameworks */ = {
			isa = PBXGroup;
			children = (
				1FF8F6BFCB0E28EEC2BB86C6 /* Pods_MINEstagram.framework */,
			);
			name = Frameworks;
			sourceTree = "<group>";
		};
		DCAF4289CEFDBCA22AF6730A /* Pods */ = {
			isa = PBXGroup;
			children = (
				17DEBF4193B1936719FFEF08 /* Pods-MINEstagram.debug.xcconfig */,
				011E7DFD9E4A5A28F05D49A1 /* Pods-MINEstagram.release.xcconfig */,
			);
			path = Pods;
			sourceTree = "<group>";
		};
		DDFEB37C22EDE13500DE025C = {
			isa = PBXGroup;
			children = (
				DDFEB38722EDE13500DE025C /* MINEstagram */,
				DDFEB38622EDE13500DE025C /* Products */,
				DCAF4289CEFDBCA22AF6730A /* Pods */,
				12BC735D5EBDC772FF81787F /* Frameworks */,
			);
			sourceTree = "<group>";
		};
		DDFEB38622EDE13500DE025C /* Products */ = {
			isa = PBXGroup;
			children = (
				DDFEB38522EDE13500DE025C /* MINEstagram.app */,
			);
			name = Products;
			sourceTree = "<group>";
		};
		DDFEB38722EDE13500DE025C /* MINEstagram */ = {
			isa = PBXGroup;
			children = (
				DDFEB42022F11E5800DE025C /* Objects */,
				DDFEB41F22F11E0600DE025C /* Controllers */,
				DDFEB38822EDE13500DE025C /* AppDelegate.swift */,
				DDFEB38C22EDE13500DE025C /* Main.storyboard */,
				DDFEB38F22EDE13700DE025C /* Assets.xcassets */,
				DDFEB39122EDE13700DE025C /* LaunchScreen.storyboard */,
				DDFEB39422EDE13700DE025C /* Info.plist */,
			);
			path = MINEstagram;
			sourceTree = "<group>";
		};
		DDFEB41F22F11E0600DE025C /* Controllers */ = {
			isa = PBXGroup;
			children = (
				DDFEB42322F26E5A00DE025C /* StartViewController.swift */,
				DDFEB39C22EDE1E000DE025C /* ShowViewController.swift */,
				DDFEB39A22EDE1CB00DE025C /* MakeViewController.swift */,
				DDFEB38A22EDE13500DE025C /* ViewController.swift */,
			);
			path = Controllers;
			sourceTree = "<group>";
		};
		DDFEB42022F11E5800DE025C /* Objects */ = {
			isa = PBXGroup;
			children = (
				DDFEB42122F139DF00DE025C /* File.swift */,
			);
			path = Objects;
			sourceTree = "<group>";
		};
/* End PBXGroup section */

/* Begin PBXNativeTarget section */
		DDFEB38422EDE13500DE025C /* MINEstagram */ = {
			isa = PBXNativeTarget;
			buildConfigurationList = DDFEB39722EDE13700DE025C /* Build configuration list for PBXNativeTarget "MINEstagram" */;
			buildPhases = (
				B2033ADDCF2D6986F8AA5C83 /* [CP] Check Pods Manifest.lock */,
				DDFEB38122EDE13500DE025C /* Sources */,
				DDFEB38222EDE13500DE025C /* Frameworks */,
				DDFEB38322EDE13500DE025C /* Resources */,
				71173C46DECA08BC9A4857F1 /* [CP] Embed Pods Frameworks */,
			);
			buildRules = (
			);
			dependencies = (
			);
			name = MINEstagram;
			productName = MINEstagram;
			productReference = DDFEB38522EDE13500DE025C /* MINEstagram.app */;
			productType = "com.apple.product-type.application";
		};
/* End PBXNativeTarget section */

/* Begin PBXProject section */
		DDFEB37D22EDE13500DE025C /* Project object */ = {
			isa = PBXProject;
			attributes = {
				LastSwiftUpdateCheck = 1030;
				LastUpgradeCheck = 1030;
				ORGANIZATIONNAME = "高橋達朗";
				TargetAttributes = {
					DDFEB38422EDE13500DE025C = {
						CreatedOnToolsVersion = 10.3;
					};
				};
			};
			buildConfigurationList = DDFEB38022EDE13500DE025C /* Build configuration list for PBXProject "MINEstagram" */;
			compatibilityVersion = "Xcode 9.3";
			developmentRegion = en;
			hasScannedForEncodings = 0;
			knownRegions = (
				en,
				Base,
			);
			mainGroup = DDFEB37C22EDE13500DE025C;
			productRefGroup = DDFEB38622EDE13500DE025C /* Products */;
			projectDirPath = "";
			projectRoot = "";
			targets = (
				DDFEB38422EDE13500DE025C /* MINEstagram */,
			);
		};
/* End PBXProject section */

/* Begin PBXResourcesBuildPhase section */
		DDFEB38322EDE13500DE025C /* Resources */ = {
			isa = PBXResourcesBuildPhase;
			buildActionMask = 2147483647;
			files = (
				DDFEB39322EDE13700DE025C /* LaunchScreen.storyboard in Resources */,
				DDFEB39022EDE13700DE025C /* Assets.xcassets in Resources */,
				DDFEB38E22EDE13500DE025C /* Main.storyboard in Resources */,
			);
			runOnlyForDeploymentPostprocessing = 0;
		};
/* End PBXResourcesBuildPhase section */

/* Begin PBXShellScriptBuildPhase section */
		71173C46DECA08BC9A4857F1 /* [CP] Embed Pods Frameworks */ = {
			isa = PBXShellScriptBuildPhase;
			buildActionMask = 2147483647;
			files = (
			);
			inputFileListPaths = (
				"${PODS_ROOT}/Target Support Files/Pods-MINEstagram/Pods-MINEstagram-frameworks-${CONFIGURATION}-input-files.xcfilelist",
			);
			name = "[CP] Embed Pods Frameworks";
			outputFileListPaths = (
				"${PODS_ROOT}/Target Support Files/Pods-MINEstagram/Pods-MINEstagram-frameworks-${CONFIGURATION}-output-files.xcfilelist",
			);
			runOnlyForDeploymentPostprocessing = 0;
			shellPath = /bin/sh;
			shellScript = "\"${PODS_ROOT}/Target Support Files/Pods-MINEstagram/Pods-MINEstagram-frameworks.sh\"\n";
			showEnvVarsInLog = 0;
		};
		B2033ADDCF2D6986F8AA5C83 /* [CP] Check Pods Manifest.lock */ = {
			isa = PBXShellScriptBuildPhase;
			buildActionMask = 2147483647;
			files = (
			);
			inputFileListPaths = (
			);
			inputPaths = (
				"${PODS_PODFILE_DIR_PATH}/Podfile.lock",
				"${PODS_ROOT}/Manifest.lock",
			);
			name = "[CP] Check Pods Manifest.lock";
			outputFileListPaths = (
			);
			outputPaths = (
				"$(DERIVED_FILE_DIR)/Pods-MINEstagram-checkManifestLockResult.txt",
			);
			runOnlyForDeploymentPostprocessing = 0;
			shellPath = /bin/sh;
			shellScript = "diff \"${PODS_PODFILE_DIR_PATH}/Podfile.lock\" \"${PODS_ROOT}/Manifest.lock\" > /dev/null\nif [ $? != 0 ] ; then\n    # print error to STDERR\n    echo \"error: The sandbox is not in sync with the Podfile.lock. Run 'pod install' or update your CocoaPods installation.\" >&2\n    exit 1\nfi\n# This output is used by Xcode 'outputs' to avoid re-running this script phase.\necho \"SUCCESS\" > \"${SCRIPT_OUTPUT_FILE_0}\"\n";
			showEnvVarsInLog = 0;
		};
/* End PBXShellScriptBuildPhase section */

/* Begin PBXSourcesBuildPhase section */
		DDFEB38122EDE13500DE025C /* Sources */ = {
			isa = PBXSourcesBuildPhase;
			buildActionMask = 2147483647;
			files = (
				DDFEB42222F139DF00DE025C /* File.swift in Sources */,
				DDFEB38B22EDE13500DE025C /* ViewController.swift in Sources */,
				DDFEB39B22EDE1CB00DE025C /* MakeViewController.swift in Sources */,
				DDFEB38922EDE13500DE025C /* AppDelegate.swift in Sources */,
				DDFEB39D22EDE1E000DE025C /* ShowViewController.swift in Sources */,
				DDFEB42422F26E5A00DE025C /* StartViewController.swift in Sources */,
			);
			runOnlyForDeploymentPostprocessing = 0;
		};
/* End PBXSourcesBuildPhase section */

/* Begin PBXVariantGroup section */
		DDFEB38C22EDE13500DE025C /* Main.storyboard */ = {
			isa = PBXVariantGroup;
			children = (
				DDFEB38D22EDE13500DE025C /* Base */,
			);
			name = Main.storyboard;
			sourceTree = "<group>";
		};
		DDFEB39122EDE13700DE025C /* LaunchScreen.storyboard */ = {
			isa = PBXVariantGroup;
			children = (
				DDFEB39222EDE13700DE025C /* Base */,
			);
			name = LaunchScreen.storyboard;
			sourceTree = "<group>";
		};
/* End PBXVariantGroup section */

/* Begin XCBuildConfiguration section */
		DDFEB39522EDE13700DE025C /* Debug */ = {
			isa = XCBuildConfiguration;
			buildSettings = {
				ALWAYS_SEARCH_USER_PATHS = NO;
				CLANG_ANALYZER_NONNULL = YES;
				CLANG_ANALYZER_NUMBER_OBJECT_CONVERSION = YES_AGGRESSIVE;
				CLANG_CXX_LANGUAGE_STANDARD = "gnu++14";
				CLANG_CXX_LIBRARY = "libc++";
				CLANG_ENABLE_MODULES = YES;
				CLANG_ENABLE_OBJC_ARC = YES;
				CLANG_ENABLE_OBJC_WEAK = YES;
				CLANG_WARN_BLOCK_CAPTURE_AUTORELEASING = YES;
				CLANG_WARN_BOOL_CONVERSION = YES;
				CLANG_WARN_COMMA = YES;
				CLANG_WARN_CONSTANT_CONVERSION = YES;
				CLANG_WARN_DEPRECATED_OBJC_IMPLEMENTATIONS = YES;
				CLANG_WARN_DIRECT_OBJC_ISA_USAGE = YES_ERROR;
				CLANG_WARN_DOCUMENTATION_COMMENTS = YES;
				CLANG_WARN_EMPTY_BODY = YES;
				CLANG_WARN_ENUM_CONVERSION = YES;
				CLANG_WARN_INFINITE_RECURSION = YES;
				CLANG_WARN_INT_CONVERSION = YES;
				CLANG_WARN_NON_LITERAL_NULL_CONVERSION = YES;
				CLANG_WARN_OBJC_IMPLICIT_RETAIN_SELF = YES;
				CLANG_WARN_OBJC_LITERAL_CONVERSION = YES;
				CLANG_WARN_OBJC_ROOT_CLASS = YES_ERROR;
				CLANG_WARN_RANGE_LOOP_ANALYSIS = YES;
				CLANG_WARN_STRICT_PROTOTYPES = YES;
				CLANG_WARN_SUSPICIOUS_MOVE = YES;
				CLANG_WARN_UNGUARDED_AVAILABILITY = YES_AGGRESSIVE;
				CLANG_WARN_UNREACHABLE_CODE = YES;
				CLANG_WARN__DUPLICATE_METHOD_MATCH = YES;
				CODE_SIGN_IDENTITY = "iPhone Developer";
				COPY_PHASE_STRIP = NO;
				DEBUG_INFORMATION_FORMAT = dwarf;
				ENABLE_STRICT_OBJC_MSGSEND = YES;
				ENABLE_TESTABILITY = YES;
				GCC_C_LANGUAGE_STANDARD = gnu11;
				GCC_DYNAMIC_NO_PIC = NO;
				GCC_NO_COMMON_BLOCKS = YES;
				GCC_OPTIMIZATION_LEVEL = 0;
				GCC_PREPROCESSOR_DEFINITIONS = (
					"DEBUG=1",
					"$(inherited)",
				);
				GCC_WARN_64_TO_32_BIT_CONVERSION = YES;
				GCC_WARN_ABOUT_RETURN_TYPE = YES_ERROR;
				GCC_WARN_UNDECLARED_SELECTOR = YES;
				GCC_WARN_UNINITIALIZED_AUTOS = YES_AGGRESSIVE;
				GCC_WARN_UNUSED_FUNCTION = YES;
				GCC_WARN_UNUSED_VARIABLE = YES;
				IPHONEOS_DEPLOYMENT_TARGET = 12.4;
				MTL_ENABLE_DEBUG_INFO = INCLUDE_SOURCE;
				MTL_FAST_MATH = YES;
				ONLY_ACTIVE_ARCH = YES;
				SDKROOT = iphoneos;
				SWIFT_ACTIVE_COMPILATION_CONDITIONS = DEBUG;
				SWIFT_OPTIMIZATION_LEVEL = "-Onone";
			};
			name = Debug;
		};
		DDFEB39622EDE13700DE025C /* Release */ = {
			isa = XCBuildConfiguration;
			buildSettings = {
				ALWAYS_SEARCH_USER_PATHS = NO;
				CLANG_ANALYZER_NONNULL = YES;
				CLANG_ANALYZER_NUMBER_OBJECT_CONVERSION = YES_AGGRESSIVE;
				CLANG_CXX_LANGUAGE_STANDARD = "gnu++14";
				CLANG_CXX_LIBRARY = "libc++";
				CLANG_ENABLE_MODULES = YES;
				CLANG_ENABLE_OBJC_ARC = YES;
				CLANG_ENABLE_OBJC_WEAK = YES;
				CLANG_WARN_BLOCK_CAPTURE_AUTORELEASING = YES;
				CLANG_WARN_BOOL_CONVERSION = YES;
				CLANG_WARN_COMMA = YES;
				CLANG_WARN_CONSTANT_CONVERSION = YES;
				CLANG_WARN_DEPRECATED_OBJC_IMPLEMENTATIONS = YES;
				CLANG_WARN_DIRECT_OBJC_ISA_USAGE = YES_ERROR;
				CLANG_WARN_DOCUMENTATION_COMMENTS = YES;
				CLANG_WARN_EMPTY_BODY = YES;
				CLANG_WARN_ENUM_CONVERSION = YES;
				CLANG_WARN_INFINITE_RECURSION = YES;
				CLANG_WARN_INT_CONVERSION = YES;
				CLANG_WARN_NON_LITERAL_NULL_CONVERSION = YES;
				CLANG_WARN_OBJC_IMPLICIT_RETAIN_SELF = YES;
				CLANG_WARN_OBJC_LITERAL_CONVERSION = YES;
				CLANG_WARN_OBJC_ROOT_CLASS = YES_ERROR;
				CLANG_WARN_RANGE_LOOP_ANALYSIS = YES;
				CLANG_WARN_STRICT_PROTOTYPES = YES;
				CLANG_WARN_SUSPICIOUS_MOVE = YES;
				CLANG_WARN_UNGUARDED_AVAILABILITY = YES_AGGRESSIVE;
				CLANG_WARN_UNREACHABLE_CODE = YES;
				CLANG_WARN__DUPLICATE_METHOD_MATCH = YES;
				CODE_SIGN_IDENTITY = "iPhone Developer";
				COPY_PHASE_STRIP = NO;
				DEBUG_INFORMATION_FORMAT = "dwarf-with-dsym";
				ENABLE_NS_ASSERTIONS = NO;
				ENABLE_STRICT_OBJC_MSGSEND = YES;
				GCC_C_LANGUAGE_STANDARD = gnu11;
				GCC_NO_COMMON_BLOCKS = YES;
				GCC_WARN_64_TO_32_BIT_CONVERSION = YES;
				GCC_WARN_ABOUT_RETURN_TYPE = YES_ERROR;
				GCC_WARN_UNDECLARED_SELECTOR = YES;
				GCC_WARN_UNINITIALIZED_AUTOS = YES_AGGRESSIVE;
				GCC_WARN_UNUSED_FUNCTION = YES;
				GCC_WARN_UNUSED_VARIABLE = YES;
				IPHONEOS_DEPLOYMENT_TARGET = 12.4;
				MTL_ENABLE_DEBUG_INFO = NO;
				MTL_FAST_MATH = YES;
				SDKROOT = iphoneos;
				SWIFT_COMPILATION_MODE = wholemodule;
				SWIFT_OPTIMIZATION_LEVEL = "-O";
				VALIDATE_PRODUCT = YES;
			};
			name = Release;
		};
		DDFEB39822EDE13700DE025C /* Debug */ = {
			isa = XCBuildConfiguration;
			baseConfigurationReference = 17DEBF4193B1936719FFEF08 /* Pods-MINEstagram.debug.xcconfig */;
			buildSettings = {
				ASSETCATALOG_COMPILER_APPICON_NAME = AppIcon;
				CODE_SIGN_STYLE = Automatic;
				DEVELOPMENT_TEAM = S2HF479Q3V;
				INFOPLIST_FILE = MINEstagram/Info.plist;
				IPHONEOS_DEPLOYMENT_TARGET = 12.3;
				LD_RUNPATH_SEARCH_PATHS = (
					"$(inherited)",
					"@executable_path/Frameworks",
				);
				PRODUCT_BUNDLE_IDENTIFIER = com.example.MINEstagram;
				PRODUCT_NAME = "$(TARGET_NAME)";
				SWIFT_VERSION = 5.0;
				TARGETED_DEVICE_FAMILY = "1,2";
			};
			name = Debug;
		};
		DDFEB39922EDE13700DE025C /* Release */ = {
			isa = XCBuildConfiguration;
			baseConfigurationReference = 011E7DFD9E4A5A28F05D49A1 /* Pods-MINEstagram.release.xcconfig */;
			buildSettings = {
				ASSETCATALOG_COMPILER_APPICON_NAME = AppIcon;
				CODE_SIGN_STYLE = Automatic;
				DEVELOPMENT_TEAM = S2HF479Q3V;
				INFOPLIST_FILE = MINEstagram/Info.plist;
				IPHONEOS_DEPLOYMENT_TARGET = 12.3;
				LD_RUNPATH_SEARCH_PATHS = (
					"$(inherited)",
					"@executable_path/Frameworks",
				);
				PRODUCT_BUNDLE_IDENTIFIER = com.example.MINEstagram;
				PRODUCT_NAME = "$(TARGET_NAME)";
				SWIFT_VERSION = 5.0;
				TARGETED_DEVICE_FAMILY = "1,2";
			};
			name = Release;
		};
/* End XCBuildConfiguration section */

/* Begin XCConfigurationList section */
		DDFEB38022EDE13500DE025C /* Build configuration list for PBXProject "MINEstagram" */ = {
			isa = XCConfigurationList;
			buildConfigurations = (
				DDFEB39522EDE13700DE025C /* Debug */,
				DDFEB39622EDE13700DE025C /* Release */,
			);
			defaultConfigurationIsVisible = 0;
			defaultConfigurationName = Release;
		};
		DDFEB39722EDE13700DE025C /* Build configuration list for PBXNativeTarget "MINEstagram" */ = {
			isa = XCConfigurationList;
			buildConfigurations = (
				DDFEB39822EDE13700DE025C /* Debug */,
				DDFEB39922EDE13700DE025C /* Release */,
			);
			defaultConfigurationIsVisible = 0;
			defaultConfigurationName = Release;
		};
/* End XCConfigurationList section */
	};
	rootObject = DDFEB37D22EDE13500DE025C /* Project object */;
}
